
Microsoft Visual Studio Solution File, Format Version 12.00
# Visual Studio Version 17
VisualStudioVersion = 17.13.35919.96 d17.13
MinimumVisualStudioVersion = 10.0.40219.1
Project("{FAE04EC0-301F-11D3-BF4B-00C04F79EFBC}") = "AuthSystem.API", "AuthSystem.API\AuthSystem.API.csproj", "{E5E0676B-7A60-4DF8-A9E3-2FC8BB273DE1}"
EndProject
Global
	GlobalSection(SolutionConfigurationPlatforms) = preSolution
		Debug|Any CPU = Debug|Any CPU
		Release|Any CPU = Release|Any CPU
	EndGlobalSection
	GlobalSection(ProjectConfigurationPlatforms) = postSolution
		{E5E0676B-7A60-4DF8-A9E3-2FC8BB273DE1}.Debug|Any CPU.ActiveCfg = Debug|Any CPU
		{E5E0676B-7A60-4DF8-A9E3-2FC8BB273DE1}.Debug|Any CPU.Build.0 = Debug|Any CPU
		{E5E0676B-7A60-4DF8-A9E3-2FC8BB273DE1}.Release|Any CPU.ActiveCfg = Release|Any CPU
		{E5E0676B-7A60-4DF8-A9E3-2FC8BB273DE1}.Release|Any CPU.Build.0 = Release|Any CPU
	EndGlobalSection
	GlobalSection(SolutionProperties) = preSolution
		HideSolutionNode = FALSE
	EndGlobalSection
	GlobalSection(ExtensibilityGlobals) = postSolution
		SolutionGuid = {E80F4465-F37F-4B74-AD0A-958EBF612A61}
	EndGlobalSection
EndGlobal
